
Microsoft Visual Studio Solution File, Format Version 12.00
# Visual Studio Version 17
VisualStudioVersion = 17.10.34928.147
MinimumVisualStudioVersion = 10.0.40219.1
Project("{FAE04EC0-301F-11D3-BF4B-00C04F79EFBC}") = "EShop.Api", "EShop.Api\EShop.Api.csproj", "{30F7679A-B80E-471B-A2B3-528411347876}"
EndProject
Project("{FAE04EC0-301F-11D3-BF4B-00C04F79EFBC}") = "EShop.Application", "EShop.Application\EShop.Application.csproj", "{C095039B-7F8E-4AEC-91B4-DD9523BAC789}"
EndProject
Project("{FAE04EC0-301F-11D3-BF4B-00C04F79EFBC}") = "EShop.Core", "EShop.Core\EShop.Core.csproj", "{E17D2684-4379-4A9E-B330-5C5828B5AE14}"
EndProject
Project("{FAE04EC0-301F-11D3-BF4B-00C04F79EFBC}") = "EShop.Persistence", "EShop.Persistence\EShop.Persistence.csproj", "{7DA918A4-AF5E-4B9F-B59E-A17AB453BDF7}"
EndProject
Project("{FAE04EC0-301F-11D3-BF4B-00C04F79EFBC}") = "EShop.Infrastructure", "EShop.Infrastructure\EShop.Infrastructure.csproj", "{DBC5A07F-106B-4432-B3C1-E545BE4FD9FC}"
EndProject
Global
	GlobalSection(SolutionConfigurationPlatforms) = preSolution
		Debug|Any CPU = Debug|Any CPU
		Release|Any CPU = Release|Any CPU
	EndGlobalSection
	GlobalSection(ProjectConfigurationPlatforms) = postSolution
		{30F7679A-B80E-471B-A2B3-528411347876}.Debug|Any CPU.ActiveCfg = Debug|Any CPU
		{30F7679A-B80E-471B-A2B3-528411347876}.Debug|Any CPU.Build.0 = Debug|Any CPU
		{30F7679A-B80E-471B-A2B3-528411347876}.Release|Any CPU.ActiveCfg = Release|Any CPU
		{30F7679A-B80E-471B-A2B3-528411347876}.Release|Any CPU.Build.0 = Release|Any CPU
		{C095039B-7F8E-4AEC-91B4-DD9523BAC789}.Debug|Any CPU.ActiveCfg = Debug|Any CPU
		{C095039B-7F8E-4AEC-91B4-DD9523BAC789}.Debug|Any CPU.Build.0 = Debug|Any CPU
		{C095039B-7F8E-4AEC-91B4-DD9523BAC789}.Release|Any CPU.ActiveCfg = Release|Any CPU
		{C095039B-7F8E-4AEC-91B4-DD9523BAC789}.Release|Any CPU.Build.0 = Release|Any CPU
		{E17D2684-4379-4A9E-B330-5C5828B5AE14}.Debug|Any CPU.ActiveCfg = Debug|Any CPU
		{E17D2684-4379-4A9E-B330-5C5828B5AE14}.Debug|Any CPU.Build.0 = Debug|Any CPU
		{E17D2684-4379-4A9E-B330-5C5828B5AE14}.Release|Any CPU.ActiveCfg = Release|Any CPU
		{E17D2684-4379-4A9E-B330-5C5828B5AE14}.Release|Any CPU.Build.0 = Release|Any CPU
		{7DA918A4-AF5E-4B9F-B59E-A17AB453BDF7}.Debug|Any CPU.ActiveCfg = Debug|Any CPU
		{7DA918A4-AF5E-4B9F-B59E-A17AB453BDF7}.Debug|Any CPU.Build.0 = Debug|Any CPU
		{7DA918A4-AF5E-4B9F-B59E-A17AB453BDF7}.Release|Any CPU.ActiveCfg = Release|Any CPU
		{7DA918A4-AF5E-4B9F-B59E-A17AB453BDF7}.Release|Any CPU.Build.0 = Release|Any CPU
		{DBC5A07F-106B-4432-B3C1-E545BE4FD9FC}.Debug|Any CPU.ActiveCfg = Debug|Any CPU
		{DBC5A07F-106B-4432-B3C1-E545BE4FD9FC}.Debug|Any CPU.Build.0 = Debug|Any CPU
		{DBC5A07F-106B-4432-B3C1-E545BE4FD9FC}.Release|Any CPU.ActiveCfg = Release|Any CPU
		{DBC5A07F-106B-4432-B3C1-E545BE4FD9FC}.Release|Any CPU.Build.0 = Release|Any CPU
	EndGlobalSection
	GlobalSection(SolutionProperties) = preSolution
		HideSolutionNode = FALSE
	EndGlobalSection
	GlobalSection(ExtensibilityGlobals) = postSolution
		SolutionGuid = {9E0A57B6-5153-4B89-A084-E03DF5B649A3}
	EndGlobalSection
EndGlobal
